
Microsoft Visual Studio Solution File, Format Version 12.00
# Visual Studio 15
VisualStudioVersion = 15.0.27130.2003
MinimumVisualStudioVersion = 10.0.40219.1
Project("{FAE04EC0-301F-11D3-BF4B-00C04F79EFBC}") = "Biometric Attendance System", "Biometric Attendance System\Biometric Attendance System.csproj", "{64AE4F16-BA5A-4BFE-ACE3-CD03768A00E7}"
EndProject
Global
	GlobalSection(SolutionConfigurationPlatforms) = preSolution
		Debug|Any CPU = Debug|Any CPU
		Release|Any CPU = Release|Any CPU
	EndGlobalSection
	GlobalSection(ProjectConfigurationPlatforms) = postSolution
		{64AE4F16-BA5A-4BFE-ACE3-CD03768A00E7}.Debug|Any CPU.ActiveCfg = Debug|Any CPU
		{64AE4F16-BA5A-4BFE-ACE3-CD03768A00E7}.Debug|Any CPU.Build.0 = Debug|Any CPU
		{64AE4F16-BA5A-4BFE-ACE3-CD03768A00E7}.Release|Any CPU.ActiveCfg = Release|Any CPU
		{64AE4F16-BA5A-4BFE-ACE3-CD03768A00E7}.Release|Any CPU.Build.0 = Release|Any CPU
	EndGlobalSection
	GlobalSection(SolutionProperties) = preSolution
		HideSolutionNode = FALSE
	EndGlobalSection
	GlobalSection(ExtensibilityGlobals) = postSolution
		SolutionGuid = {5AE6987B-A1FC-401F-A6F7-989F4E129B5E}
	EndGlobalSection
EndGlobal
